
Microsoft Visual Studio Solution File, Format Version 12.00
# Visual Studio 15
VisualStudioVersion = 15.0.27130.2026
MinimumVisualStudioVersion = 10.0.40219.1
Project("{FAE04EC0-301F-11D3-BF4B-00C04F79EFBC}") = "MazeNEAT", "MazeNEAT\MazeNEAT.csproj", "{507EF185-9429-4BB7-84EE-05BBCD9017F8}"
EndProject
Project("{2150E333-8FDC-42A3-9474-1A3956D46DE8}") = "Solution Items", "Solution Items", "{C21061E4-501B-4017-88C7-F02BEDE407D0}"
	ProjectSection(SolutionItems) = preProject
		MazeNEAT\NEAT.dll = MazeNEAT\NEAT.dll
	EndProjectSection
EndProject
Global
	GlobalSection(SolutionConfigurationPlatforms) = preSolution
		Debug|Any CPU = Debug|Any CPU
		Release|Any CPU = Release|Any CPU
	EndGlobalSection
	GlobalSection(ProjectConfigurationPlatforms) = postSolution
		{507EF185-9429-4BB7-84EE-05BBCD9017F8}.Debug|Any CPU.ActiveCfg = Debug|Any CPU
		{507EF185-9429-4BB7-84EE-05BBCD9017F8}.Debug|Any CPU.Build.0 = Debug|Any CPU
		{507EF185-9429-4BB7-84EE-05BBCD9017F8}.Release|Any CPU.ActiveCfg = Release|Any CPU
		{507EF185-9429-4BB7-84EE-05BBCD9017F8}.Release|Any CPU.Build.0 = Release|Any CPU
	EndGlobalSection
	GlobalSection(SolutionProperties) = preSolution
		HideSolutionNode = FALSE
	EndGlobalSection
	GlobalSection(ExtensibilityGlobals) = postSolution
		SolutionGuid = {C34CF9BC-553B-4001-BE77-185DE67146ED}
	EndGlobalSection
EndGlobal
